PODS:
  - AudioKit (4.2.3):
    - AudioKit/UI (= 4.2.3)
  - AudioKit/UI (4.2.3)
  - MIKMIDI (1.6.2)

DEPENDENCIES:
  - AudioKit (~> 4.2)
  - MIKMIDI

SPEC REPOS:
  https://github.com/CocoaPods/Specs.git:
    - AudioKit
    - MIKMIDI

SPEC CHECKSUMS:
  AudioKit: 65e0035ce267446932ac733257053ac97dfe395e
  MIKMIDI: fa6df0bfa8427a0dc9e179bcf068b2b4b6747e6c

PODFILE CHECKSUM: 17a9c73a714c6981ab7963a01fe390ad1cd2954a

COCOAPODS: 1.5.0
